PATH
  remote: ..
  specs:
    rspec-github (1.0.0.develop)
      rspec-core (>= 3.0, < 5)

GEM
  remote: https://rubygems.org/
  specs:
    diff-lcs (2.0.0)
    rspec (4.0.0.beta1)
      rspec-core (= 4.0.0.beta1)
      rspec-expectations (= 4.0.0.beta1)
      rspec-mocks (= 4.0.0.beta1)
    rspec-core (4.0.0.beta1)
      rspec-support (= 4.0.0.beta1)
    rspec-expectations (4.0.0.beta1)
      diff-lcs (>= 1.6.0, < 3.0)
      rspec-support (= 4.0.0.beta1)
    rspec-mocks (4.0.0.beta1)
      diff-lcs (>= 1.6.0, < 3.0)
      rspec-support (= 4.0.0.beta1)
    rspec-support (4.0.0.beta1)

PLATFORMS
  ruby

DEPENDENCIES
  rspec (~> 4.0.0.beta1)
  rspec-github!

CHECKSUMS
  diff-lcs (2.0.0) sha256=708a5d52ec2945b50f8f53a181174aa1ef2c496edf81c05957fe956dabb363d5
  rspec (4.0.0.beta1) sha256=7edd7fb4e25fe5544146268196bc43b610851ea61581f38fe6ac1f03f4ca6114
  rspec-core (4.0.0.beta1) sha256=11ad8b2f752d08aa5ecc699bd534f2253fe0939144af94365791f99bbefb575e
  rspec-expectations (4.0.0.beta1) sha256=39b3d6b32876796a669ba3128b57a1dc0157056662e5a1ba6447b64831628904
  rspec-github (1.0.0.develop)
  rspec-mocks (4.0.0.beta1) sha256=6d88d9d89ebc16865ca748a1319740e3f8f5c3ca5c801c0c4cb2b8b76b91c95e
  rspec-support (4.0.0.beta1) sha256=8f1231c022af7ccabe527ae05c53a8fab7e59fac5d0cc0e07452c8a395c06a44

BUNDLED WITH
  4.0.8
